<?xml version="1.0" encoding="utf-8"?>
<Project ToolsVersion="4.0" xmlns="http://schemas.microsoft.com/developer/msbuild/2003">
  <ItemGroup>
    <Filter Include="Source Files">
      <UniqueIdentifier>{4FC737F1-C7A5-4376-A066-2A32D752A2FF}</UniqueIdentifier>
      <Extensions>cpp;c;cc;cxx;def;odl;idl;hpj;bat;asm;asmx</Extensions>
    </Filter>
    <Filter Include="Header Files">
      <UniqueIdentifier>{93995380-89BD-4b04-88EB-625FBE52EBFB}</UniqueIdentifier>
      <Extensions>h;hpp;hxx;hm;inl;inc;xsd</Extensions>
    </Filter>
    <Filter Include="Resource Files">
      <UniqueIdentifier>{67DA6AB6-F800-4c08-8B7A-83BB121AAD01}</UniqueIdentifier>
      <Extensions>rc;ico;cur;bmp;dlg;rc2;rct;bin;rgs;gif;jpg;jpeg;jpe;resx;tiff;tif;png;wav;mfcribbon-ms</Extensions>
    </Filter>
    <Filter Include="Header Files\Tree">
      <UniqueIdentifier>{3197968d-461e-4a84-92e3-965b80afa9eb}</UniqueIdentifier>
    </Filter>
    <Filter Include="Source Files\Tree">
      <UniqueIdentifier>{940802c3-9257-4d72-9c18-fcfa58d954e3}</UniqueIdentifier>
    </Filter>
    <Filter Include="Header Files\Template">
      <UniqueIdentifier>{6c1ffd3a-8dca-4506-a6da-a0859a71b68f}</UniqueIdentifier>
    </Filter>
    <Filter Include="Header Files\Defs">
      <UniqueIdentifier>{68c3bb0a-d2f7-46af-8dc7-2ec0686f096b}</UniqueIdentifier>
    </Filter>
    <Filter Include="Header Files\Maths">
      <UniqueIdentifier>{4ad694b2-9144-43e8-b584-2bdf21d7d50f}</UniqueIdentifier>
    </Filter>
    <Filter Include="Source Files\Maths">
      <UniqueIdentifier>{37eaf4ae-4fdc-494e-b28d-cfd62de11912}</UniqueIdentifier>
    </Filter>
    <Filter Include="Header Files\Misc">
      <UniqueIdentifier>{83384880-920d-409d-86ee-a8e06b33fb8f}</UniqueIdentifier>
    </Filter>
    <Filter Include="Skeliton">
      <UniqueIdentifier>{d78f4306-d306-4531-9bef-b4fc109324eb}</UniqueIdentifier>
    </Filter>
    <Filter Include="Source Files\Skeliton">
      <UniqueIdentifier>{d31fa517-594e-4fde-83b3-d8c89be6ec18}</UniqueIdentifier>
    </Filter>
  </ItemGroup>
  <ItemGroup>
    <None Include="ReadMe.txt" />
  </ItemGroup>
  <ItemGroup>
    <ClInclude Include="stdafx.h">
      <Filter>Header Files</Filter>
    </ClInclude>
    <ClInclude Include="targetver.h">
      <Filter>Header Files</Filter>
    </ClInclude>
    <ClInclude Include="Referenced.h">
      <Filter>Header Files\Tree</Filter>
    </ClInclude>
    <ClInclude Include="Node.h">
      <Filter>Header Files\Tree</Filter>
    </ClInclude>
    <ClInclude Include="Singleton.h">
      <Filter>Header Files\Template</Filter>
    </ClInclude>
    <ClInclude Include="MCIVUtilitiesDEFS.h">
      <Filter>Header Files\Defs</Filter>
    </ClInclude>
    <ClInclude Include="Vector3f.h">
      <Filter>Header Files\Maths</Filter>
    </ClInclude>
    <ClInclude Include="MemoryManagement.h">
      <Filter>Header Files\Misc</Filter>
    </ClInclude>
    <ClInclude Include="BodyDefs.h">
      <Filter>Header Files\Defs</Filter>
    </ClInclude>
    <ClInclude Include="HumainBody.h">
      <Filter>Skeliton</Filter>
    </ClInclude>
    <ClInclude Include="BodyPart.h">
      <Filter>Skeliton</Filter>
    </ClInclude>
  </ItemGroup>
  <ItemGroup>
    <ClCompile Include="stdafx.cpp">
      <Filter>Source Files</Filter>
    </ClCompile>
    <ClCompile Include="MCIVUtilities.cpp">
      <Filter>Source Files</Filter>
    </ClCompile>
    <ClCompile Include="Referenced.cpp">
      <Filter>Source Files\Tree</Filter>
    </ClCompile>
    <ClCompile Include="Node.cpp">
      <Filter>Source Files\Tree</Filter>
    </ClCompile>
    <ClCompile Include="Vector3f.cpp">
      <Filter>Source Files\Maths</Filter>
    </ClCompile>
    <ClCompile Include="HumainBody.cpp">
      <Filter>Source Files\Skeliton</Filter>
    </ClCompile>
    <ClCompile Include="BodyPart.cpp">
      <Filter>Source Files\Skeliton</Filter>
    </ClCompile>
  </ItemGroup>
</Project>